
Microsoft Visual Studio Solution File, Format Version 12.00
# Visual Studio 14
VisualStudioVersion = 14.0.25123.0
MinimumVisualStudioVersion = 10.0.40219.1
Project("{FAE04EC0-301F-11D3-BF4B-00C04F79EFBC}") = "Quad", "Quad\Quad.csproj", "{33B1236C-C3AA-4284-ADA2-A616DADB9FD0}"
EndProject
Project("{FAE04EC0-301F-11D3-BF4B-00C04F79EFBC}") = "QuadTests", "QuadTests\QuadTests.csproj", "{8DD88135-F091-4123-93C8-6DA360BACE07}"
EndProject
Global
	GlobalSection(SolutionConfigurationPlatforms) = preSolution
		Debug|Any CPU = Debug|Any CPU
		Release|Any CPU = Release|Any CPU
	EndGlobalSection
	GlobalSection(ProjectConfigurationPlatforms) = postSolution
		{33B1236C-C3AA-4284-ADA2-A616DADB9FD0}.Debug|Any CPU.ActiveCfg = Debug|Any CPU
		{33B1236C-C3AA-4284-ADA2-A616DADB9FD0}.Debug|Any CPU.Build.0 = Debug|Any CPU
		{33B1236C-C3AA-4284-ADA2-A616DADB9FD0}.Release|Any CPU.ActiveCfg = Release|Any CPU
		{33B1236C-C3AA-4284-ADA2-A616DADB9FD0}.Release|Any CPU.Build.0 = Release|Any CPU
		{8DD88135-F091-4123-93C8-6DA360BACE07}.Debug|Any CPU.ActiveCfg = Debug|Any CPU
		{8DD88135-F091-4123-93C8-6DA360BACE07}.Debug|Any CPU.Build.0 = Debug|Any CPU
		{8DD88135-F091-4123-93C8-6DA360BACE07}.Release|Any CPU.ActiveCfg = Release|Any CPU
		{8DD88135-F091-4123-93C8-6DA360BACE07}.Release|Any CPU.Build.0 = Release|Any CPU
	EndGlobalSection
	GlobalSection(SolutionProperties) = preSolution
		HideSolutionNode = FALSE
	EndGlobalSection
EndGlobal
