
Microsoft Visual Studio Solution File, Format Version 12.00
# Visual Studio 14
VisualStudioVersion = 14.0.25123.0
MinimumVisualStudioVersion = 10.0.40219.1
Project("{FAE04EC0-301F-11D3-BF4B-00C04F79EFBC}") = "Strings", "Strings\Strings.csproj", "{2B487CBA-03BD-46A9-A82B-8AECFACF3FC9}"
EndProject
Project("{FAE04EC0-301F-11D3-BF4B-00C04F79EFBC}") = "StringsTests", "StringsTests\StringsTests.csproj", "{1EC1E068-5A51-4EAC-867C-233066A6E063}"
EndProject
Global
	GlobalSection(SolutionConfigurationPlatforms) = preSolution
		Debug|Any CPU = Debug|Any CPU
		Release|Any CPU = Release|Any CPU
	EndGlobalSection
	GlobalSection(ProjectConfigurationPlatforms) = postSolution
		{2B487CBA-03BD-46A9-A82B-8AECFACF3FC9}.Debug|Any CPU.ActiveCfg = Debug|Any CPU
		{2B487CBA-03BD-46A9-A82B-8AECFACF3FC9}.Debug|Any CPU.Build.0 = Debug|Any CPU
		{2B487CBA-03BD-46A9-A82B-8AECFACF3FC9}.Release|Any CPU.ActiveCfg = Release|Any CPU
		{2B487CBA-03BD-46A9-A82B-8AECFACF3FC9}.Release|Any CPU.Build.0 = Release|Any CPU
		{1EC1E068-5A51-4EAC-867C-233066A6E063}.Debug|Any CPU.ActiveCfg = Debug|Any CPU
		{1EC1E068-5A51-4EAC-867C-233066A6E063}.Debug|Any CPU.Build.0 = Debug|Any CPU
		{1EC1E068-5A51-4EAC-867C-233066A6E063}.Release|Any CPU.ActiveCfg = Release|Any CPU
		{1EC1E068-5A51-4EAC-867C-233066A6E063}.Release|Any CPU.Build.0 = Release|Any CPU
	EndGlobalSection
	GlobalSection(SolutionProperties) = preSolution
		HideSolutionNode = FALSE
	EndGlobalSection
EndGlobal
